schema: '2.0'
stages:
  generate_random_number:
    cmd: python src/scripts/generate_random_number.py --output-path data/generate_random_number/random_number.yaml
  dummy_image_generation:
    cmd: poetry run python -m src.scripts.dummy_generation_script --input-folder data/vton_subset/image
      --output-folder data/vton_subset_generation
    deps:
    - path: data/vton_subset/image
      hash: md5
      md5: 05a9d6e2008c65f63663b17d718b4242.dir
      size: 482420
      nfiles: 5
    outs:
    - path: data/vton_subset_generation
      hash: md5
      md5: 19e6eb764fda9adccb94f0fae77f850e.dir
      size: 2908076
      nfiles: 5
  dummy_compute_lpips:
    cmd: poetry run python src/scripts/compute_lpips.py -d0 data/vton_subset/image
      -d1 data/vton_subset_generation -o data/LPIPS_dummpy_generation.txt
    deps:
    - path: data/vton_subset/image
      hash: md5
      md5: 05a9d6e2008c65f63663b17d718b4242.dir
      size: 482420
      nfiles: 5
    - path: data/vton_subset_generation
      hash: md5
      md5: c31ecfb5f6aa49d401e76d566fecc2f0.dir
      size: 2907629
      nfiles: 5
    outs:
    - path: data/LPIPS_dummpy_generation.txt
      hash: md5
      md5: f068325122218175aa62d5251f96a4d4
      size: 60
    - path: data/LPIPS_dummpy_generation_all.txt
      hash: md5
      md5: 568bee22b8daa0288fcb29f7760d5b92
      size: 115
  dummy_compute_fid:
    cmd: python -m pytorch_fid data/vton_gt data/vton_anydoor | grep 'FID:' | awk
      '{print $2}' > data/FID_anydoor.txt
    deps:
    - path: data/vton_anydoor
      hash: md5
      md5: f3e7d3695131a6ca3cbfd7f56f3349c2.dir
      size: 63570256
      nfiles: 549
    - path: data/vton_gt
      hash: md5
      md5: b835ec74f70bc41baf54912ff6719e66.dir
      size: 72209849
      nfiles: 549
    outs:
    - path: data/FID_anydoor.txt
      hash: md5
      md5: a705b50f8b53a3a981ce82b78f7ebcc5
      size: 19
  dummy_compute_ssim:
    cmd: poetry run python src/scripts/compute_ssim.py -d0 data/vton_gt -d1 data/vton_anydoor
      -o data/SSIM_anydoor.txt
    deps:
    - path: data/vton_anydoor
      hash: md5
      md5: f3e7d3695131a6ca3cbfd7f56f3349c2.dir
      size: 63570256
      nfiles: 549
    - path: data/vton_gt
      hash: md5
      md5: b835ec74f70bc41baf54912ff6719e66.dir
      size: 72209849
      nfiles: 549
    outs:
    - path: data/SSIM_anydoor.txt
      hash: md5
      md5: b493c30d460364eb857a81b0270b48cb
      size: 63
    - path: data/SSIM_anydoor_all.txt
      hash: md5
      md5: e9f82d04d4c2a9a8854504bf13fc4da4
      size: 16470
  compute_anydoor_lpips:
    cmd: poetry run python src/scripts/compute_lpips.py -d0 data/vton_gt -d1 data/vton_anydoor
      -o data/LPIPS_anydoor.txt
    deps:
    - path: data/vton_anydoor
      hash: md5
      md5: f3e7d3695131a6ca3cbfd7f56f3349c2.dir
      size: 63570256
      nfiles: 549
    - path: data/vton_gt
      hash: md5
      md5: b835ec74f70bc41baf54912ff6719e66.dir
      size: 72209849
      nfiles: 549
    outs:
    - path: data/LPIPS_anydoor.txt
      hash: md5
      md5: 9369221d5ff62a35ea7c75a9902467a9
      size: 60
    - path: data/LPIPS_anydoor_all.txt
      hash: md5
      md5: 5029091462629b47e0b3dd30c1fa1144
      size: 12627
  compute_anydoor_fid:
    cmd: python -m pytorch_fid data/vton_gt data/vton_anydoor | grep 'FID:' | awk
      '{print $2}' > data/FID_anydoor.txt
    deps:
    - path: data/vton_anydoor
      hash: md5
      md5: f3e7d3695131a6ca3cbfd7f56f3349c2.dir
      size: 63570256
      nfiles: 549
    - path: data/vton_gt
      hash: md5
      md5: b835ec74f70bc41baf54912ff6719e66.dir
      size: 72209849
      nfiles: 549
    outs:
    - path: data/FID_anydoor.txt
      hash: md5
      md5: a705b50f8b53a3a981ce82b78f7ebcc5
      size: 19
  compute_anydoor_ssim:
    cmd: poetry run python src/scripts/compute_ssim.py -d0 data/vton_gt -d1 data/vton_anydoor
      -o data/SSIM_anydoor.txt
    deps:
    - path: data/vton_anydoor
      hash: md5
      md5: f3e7d3695131a6ca3cbfd7f56f3349c2.dir
      size: 63570256
      nfiles: 549
    - path: data/vton_gt
      hash: md5
      md5: b835ec74f70bc41baf54912ff6719e66.dir
      size: 72209849
      nfiles: 549
    outs:
    - path: data/SSIM_anydoor.txt
      hash: md5
      md5: b493c30d460364eb857a81b0270b48cb
      size: 63
    - path: data/SSIM_anydoor_all.txt
      hash: md5
      md5: e9f82d04d4c2a9a8854504bf13fc4da4
      size: 16470
  compute_lpips_loras@nolora:
    cmd: python -m src.scripts.compute_lpips -d0 data/adaptation_subset -d1 data/adaptation_nolora
      -o data/metrics_nolora/LPIPS_nolora.txt
    deps:
    - path: data/adaptation_nolora
      hash: md5
      md5: 4b6701d354df22dad226ed8f1f892917.dir
      size: 1015411
      nfiles: 22
    - path: data/adaptation_subset
      hash: md5
      md5: 2f6037fa4d4d5e2478924cb22843f988.dir
      size: 2846141
      nfiles: 22
    outs:
    - path: data/metrics_nolora/LPIPS_nolora.txt
      hash: md5
      md5: 5d2524b28ef38450ede21bfd9b87d037
      size: 63
    - path: data/metrics_nolora/LPIPS_nolora_all.txt
      hash: md5
      md5: c404739e29087991809f142a0139ff4d
      size: 682
  compute_lpips_loras@zara_lora:
    cmd: python -m src.scripts.compute_lpips -d0 data/adaptation_subset -d1 data/adaptation_zara_lora
      -o data/metrics_zara_lora/LPIPS_zara_lora.txt
    deps:
    - path: data/adaptation_subset
      hash: md5
      md5: 2f6037fa4d4d5e2478924cb22843f988.dir
      size: 2846141
      nfiles: 22
    - path: data/adaptation_zara_lora
      hash: md5
      md5: e6640a266d8d508046e8b133e33ef446.dir
      size: 1004587
      nfiles: 22
    outs:
    - path: data/metrics_zara_lora/LPIPS_zara_lora.txt
      hash: md5
      md5: 87db1f98b04ae89d59c7820294941550
      size: 63
    - path: data/metrics_zara_lora/LPIPS_zara_lora_all.txt
      hash: md5
      md5: 18ebb5153ec5a05ac726448a3f424847
      size: 682
  compute_lpips_loras@kenzo_lora:
    cmd: python -m src.scripts.compute_lpips -d0 data/adaptation_subset -d1 data/adaptation_kenzo_lora
      -o data/metrics_kenzo_lora/LPIPS_kenzo_lora.txt
    deps:
    - path: data/adaptation_kenzo_lora
      hash: md5
      md5: d02b59270133c28e5ea7f06e11b95721.dir
      size: 1011793
      nfiles: 22
    - path: data/adaptation_subset
      hash: md5
      md5: 2f6037fa4d4d5e2478924cb22843f988.dir
      size: 2846141
      nfiles: 22
    outs:
    - path: data/metrics_kenzo_lora/LPIPS_kenzo_lora.txt
      hash: md5
      md5: 452c53224b84833f3e2bac0598f5a5d4
      size: 63
    - path: data/metrics_kenzo_lora/LPIPS_kenzo_lora_all.txt
      hash: md5
      md5: d300ff0a29abf82998722f2452aac17a
      size: 682
